{
    "_readme": [
        "This file locks the dependencies of your project to a known state",
        "Read more about it at https://getcomposer.org/doc/01-basic-usage.md#installing-dependencies",
        "This file is @generated automatically"
    ],
    "content-hash": "5d8431eddee6a1980d609d678f185acf",
    "packages": [
        {
            "name": "fhooe/router",
            "version": "v0.1.0",
            "source": {
                "type": "git",
                "url": "https://github.com/Digital-Media/fhooe-router.git",
                "reference": "b635b7541292f1688c94771c695102e99d9f725b"
            },
            "dist": {
                "type": "zip",
                "url": "https://api.github.com/repos/Digital-Media/fhooe-router/zipball/b635b7541292f1688c94771c695102e99d9f725b",
                "reference": "b635b7541292f1688c94771c695102e99d9f725b",
                "shasum": ""
            },
            "require": {
                "ext-mbstring": "*",
                "php": ">=7.4"
            },
            "require-dev": {
                "phpstan/phpstan": "^1.2"
            },
            "type": "library",
            "autoload": {
                "psr-4": {
                    "Fhooe\\Router\\": "src/"
                }
            },
            "notification-url": "https://packagist.org/downloads/",
            "license": [
                "MIT"
            ],
            "authors": [
                {
                    "name": "Wolfgang Hochleitner",
                    "email": "wolfgang.hochleitner@fh-hagenberg.at",
                    "role": "Developer"
                },
                {
                    "name": "Martin Harrer",
                    "email": "martin.harrer@fh-hagenberg.at",
                    "role": "Developer"
                }
            ],
            "description": "A simple object-oriented Router for educational purposes.",
            "keywords": [
                "education",
                "php",
                "routing"
            ],
            "support": {
                "issues": "https://github.com/Digital-Media/fhooe-router/issues",
                "source": "https://github.com/Digital-Media/fhooe-router/tree/v0.1.0"
            },
            "time": "2021-12-16T00:08:44+00:00"
        }
    ],
    "packages-dev": [
        {
            "name": "phpstan/phpstan",
            "version": "1.2.0",
            "source": {
                "type": "git",
                "url": "https://github.com/phpstan/phpstan.git",
                "reference": "cbe085f9fdead5b6d62e4c022ca52dc9427a10ee"
            },
            "dist": {
                "type": "zip",
                "url": "https://api.github.com/repos/phpstan/phpstan/zipball/cbe085f9fdead5b6d62e4c022ca52dc9427a10ee",
                "reference": "cbe085f9fdead5b6d62e4c022ca52dc9427a10ee",
                "shasum": ""
            },
            "require": {
                "php": "^7.1|^8.0"
            },
            "conflict": {
                "phpstan/phpstan-shim": "*"
            },
            "bin": [
                "phpstan",
                "phpstan.phar"
            ],
            "type": "library",
            "extra": {
                "branch-alias": {
                    "dev-master": "1.2-dev"
                }
            },
            "autoload": {
                "files": [
                    "bootstrap.php"
                ]
            },
            "notification-url": "https://packagist.org/downloads/",
            "license": [
                "MIT"
            ],
            "description": "PHPStan - PHP Static Analysis Tool",
            "support": {
                "issues": "https://github.com/phpstan/phpstan/issues",
                "source": "https://github.com/phpstan/phpstan/tree/1.2.0"
            },
            "funding": [
                {
                    "url": "https://github.com/ondrejmirtes",
                    "type": "github"
                },
                {
                    "url": "https://github.com/phpstan",
                    "type": "github"
                },
                {
                    "url": "https://www.patreon.com/phpstan",
                    "type": "patreon"
                },
                {
                    "url": "https://tidelift.com/funding/github/packagist/phpstan/phpstan",
                    "type": "tidelift"
                }
            ],
            "time": "2021-11-18T14:09:01+00:00"
        }
    ],
    "aliases": [],
    "minimum-stability": "stable",
    "stability-flags": [],
    "prefer-stable": false,
    "prefer-lowest": false,
    "platform": {
        "php": ">=7.4"
    },
    "platform-dev": [],
    "plugin-api-version": "2.1.0"
}
